
Microsoft Visual Studio Solution File, Format Version 12.00
# Visual Studio Version 16
VisualStudioVersion = 16.0.30011.22
MinimumVisualStudioVersion = 10.0.40219.1
Project("{FAE04EC0-301F-11D3-BF4B-00C04F79EFBC}") = "StatisticPlugin", "StatisticPlugin\StatisticPlugin.csproj", "{EB6A0240-146E-4ED8-A540-51D472BA9634}"
EndProject
Project("{FAE04EC0-301F-11D3-BF4B-00C04F79EFBC}") = "ExcelSQLParserNet", "ExcelParserNet\ExcelSQLParserNet.csproj", "{B29B917A-EB74-46D9-B970-A374C2C62E78}"
EndProject
Project("{00D1A9C2-B5F0-4AF3-8072-F6C62B433612}") = "Database1", "..\Database1\Database1.sqlproj", "{EDB3F9EC-A1B0-4A27-A914-89967FFB742A}"
EndProject
Global
	GlobalSection(SolutionConfigurationPlatforms) = preSolution
		Debug|Any CPU = Debug|Any CPU
		Release|Any CPU = Release|Any CPU
	EndGlobalSection
	GlobalSection(ProjectConfigurationPlatforms) = postSolution
		{EB6A0240-146E-4ED8-A540-51D472BA9634}.Debug|Any CPU.ActiveCfg = Debug|Any CPU
		{EB6A0240-146E-4ED8-A540-51D472BA9634}.Debug|Any CPU.Build.0 = Debug|Any CPU
		{EB6A0240-146E-4ED8-A540-51D472BA9634}.Release|Any CPU.ActiveCfg = Release|Any CPU
		{EB6A0240-146E-4ED8-A540-51D472BA9634}.Release|Any CPU.Build.0 = Release|Any CPU
		{B29B917A-EB74-46D9-B970-A374C2C62E78}.Debug|Any CPU.ActiveCfg = Debug|Any CPU
		{B29B917A-EB74-46D9-B970-A374C2C62E78}.Debug|Any CPU.Build.0 = Debug|Any CPU
		{B29B917A-EB74-46D9-B970-A374C2C62E78}.Release|Any CPU.ActiveCfg = Release|Any CPU
		{B29B917A-EB74-46D9-B970-A374C2C62E78}.Release|Any CPU.Build.0 = Release|Any CPU
		{EDB3F9EC-A1B0-4A27-A914-89967FFB742A}.Debug|Any CPU.ActiveCfg = Debug|Any CPU
		{EDB3F9EC-A1B0-4A27-A914-89967FFB742A}.Debug|Any CPU.Build.0 = Debug|Any CPU
		{EDB3F9EC-A1B0-4A27-A914-89967FFB742A}.Debug|Any CPU.Deploy.0 = Debug|Any CPU
		{EDB3F9EC-A1B0-4A27-A914-89967FFB742A}.Release|Any CPU.ActiveCfg = Release|Any CPU
		{EDB3F9EC-A1B0-4A27-A914-89967FFB742A}.Release|Any CPU.Build.0 = Release|Any CPU
		{EDB3F9EC-A1B0-4A27-A914-89967FFB742A}.Release|Any CPU.Deploy.0 = Release|Any CPU
	EndGlobalSection
	GlobalSection(SolutionProperties) = preSolution
		HideSolutionNode = FALSE
	EndGlobalSection
	GlobalSection(ExtensibilityGlobals) = postSolution
		SolutionGuid = {BEF3C848-B0A8-4670-9C65-0D145A070E7B}
	EndGlobalSection
EndGlobal
